
Microsoft Visual Studio Solution File, Format Version 12.00
Project("{FAE04EC0-301F-11D3-BF4B-00C04F79EFBC}") = "AspTelegramBot", "AspTelegramBot.csproj", "{EE4504C5-5BDD-4B74-A583-AB54578A5115}"
EndProject
Global
	GlobalSection(SolutionConfigurationPlatforms) = preSolution
		Debug|Any CPU = Debug|Any CPU
		Release|Any CPU = Release|Any CPU
	EndGlobalSection
	GlobalSection(ProjectConfigurationPlatforms) = postSolution
		{EE4504C5-5BDD-4B74-A583-AB54578A5115}.Debug|Any CPU.ActiveCfg = Debug|Any CPU
		{EE4504C5-5BDD-4B74-A583-AB54578A5115}.Debug|Any CPU.Build.0 = Debug|Any CPU
		{EE4504C5-5BDD-4B74-A583-AB54578A5115}.Release|Any CPU.ActiveCfg = Release|Any CPU
		{EE4504C5-5BDD-4B74-A583-AB54578A5115}.Release|Any CPU.Build.0 = Release|Any CPU
	EndGlobalSection
EndGlobal
